speakeasyVersion: 1.545.0
sources:
    OpenWeatherMap One Call API:
        sourceNamespace: open-weather-map-one-call-api
        sourceRevisionDigest: sha256:c9e066b3de0a56692dcf1710d18b3b35a176045019fc076ceac678b308531fc2
        sourceBlobDigest: sha256:0be144bb6db8dff1a81c0de3836fc728f8a5b72dd05947c943a0dc03077d12dc
        tags:
            - latest
            - v1.0.0
targets:
    speakeasy-weather-sdk:
        source: OpenWeatherMap One Call API
        sourceNamespace: open-weather-map-one-call-api
        sourceRevisionDigest: sha256:c9e066b3de0a56692dcf1710d18b3b35a176045019fc076ceac678b308531fc2
        sourceBlobDigest: sha256:0be144bb6db8dff1a81c0de3836fc728f8a5b72dd05947c943a0dc03077d12dc
        codeSamplesNamespace: open-weather-map-one-call-api-typescript-code-samples
        codeSamplesRevisionDigest: sha256:a216099ff56dcbc6c3695d8c0f78c407c1fabe7ba0c2bf466f61d890839e5c37
workflow:
    workflowVersion: 1.0.0
    speakeasyVersion: latest
    sources:
        OpenWeatherMap One Call API:
            inputs:
                - location: ../api-spec/openweatherAPI.json
            overlays:
                - location: .speakeasy/speakeasy-modifications-overlay.yaml
            transformations:
                - removeUnused: true
                - removeUnused: true
                - removeUnused: true
                - removeUnused: true
            registry:
                location: registry.speakeasyapi.dev/rehan-co/petstore/open-weather-map-one-call-api
    targets:
        speakeasy-weather-sdk:
            target: typescript
            source: OpenWeatherMap One Call API
            codeSamples:
                registry:
                    location: registry.speakeasyapi.dev/rehan-co/petstore/open-weather-map-one-call-api-typescript-code-samples
                labelOverride:
                    fixedValue: Typescript (SDK)
                blocking: false
